
Microsoft Visual Studio Solution File, Format Version 12.00
# Visual Studio 14
VisualStudioVersion = 14.0.24720.0
MinimumVisualStudioVersion = 10.0.40219.1
Project("{FAE04EC0-301F-11D3-BF4B-00C04F79EFBC}") = "NonogramSolver", "NonogramSolver\NonogramSolver.csproj", "{C2AD9923-48DC-4B2E-9762-671746180BFB}"
EndProject
Project("{FAE04EC0-301F-11D3-BF4B-00C04F79EFBC}") = "SolverConsole", "SolverConsole\SolverConsole.csproj", "{F73B2B6C-DB72-4861-AB9C-2892B97AD4CA}"
EndProject
Project("{FAE04EC0-301F-11D3-BF4B-00C04F79EFBC}") = "GameLib", "GameLib\GameLib.csproj", "{0D6326C5-90D0-43C2-A159-DFDA4CBD034C}"
EndProject
Project("{FAE04EC0-301F-11D3-BF4B-00C04F79EFBC}") = "SolverLib", "SolverLib\SolverLib.csproj", "{DA4028C1-AEC0-46B0-95FA-700A8CCB23F5}"
EndProject
Global
	GlobalSection(SolutionConfigurationPlatforms) = preSolution
		Debug|Any CPU = Debug|Any CPU
		Release|Any CPU = Release|Any CPU
	EndGlobalSection
	GlobalSection(ProjectConfigurationPlatforms) = postSolution
		{C2AD9923-48DC-4B2E-9762-671746180BFB}.Debug|Any CPU.ActiveCfg = Debug|Any CPU
		{C2AD9923-48DC-4B2E-9762-671746180BFB}.Debug|Any CPU.Build.0 = Debug|Any CPU
		{C2AD9923-48DC-4B2E-9762-671746180BFB}.Release|Any CPU.ActiveCfg = Release|Any CPU
		{C2AD9923-48DC-4B2E-9762-671746180BFB}.Release|Any CPU.Build.0 = Release|Any CPU
		{F73B2B6C-DB72-4861-AB9C-2892B97AD4CA}.Debug|Any CPU.ActiveCfg = Debug|Any CPU
		{F73B2B6C-DB72-4861-AB9C-2892B97AD4CA}.Debug|Any CPU.Build.0 = Debug|Any CPU
		{F73B2B6C-DB72-4861-AB9C-2892B97AD4CA}.Release|Any CPU.ActiveCfg = Release|Any CPU
		{F73B2B6C-DB72-4861-AB9C-2892B97AD4CA}.Release|Any CPU.Build.0 = Release|Any CPU
		{0D6326C5-90D0-43C2-A159-DFDA4CBD034C}.Debug|Any CPU.ActiveCfg = Debug|Any CPU
		{0D6326C5-90D0-43C2-A159-DFDA4CBD034C}.Debug|Any CPU.Build.0 = Debug|Any CPU
		{0D6326C5-90D0-43C2-A159-DFDA4CBD034C}.Release|Any CPU.ActiveCfg = Release|Any CPU
		{0D6326C5-90D0-43C2-A159-DFDA4CBD034C}.Release|Any CPU.Build.0 = Release|Any CPU
		{DA4028C1-AEC0-46B0-95FA-700A8CCB23F5}.Debug|Any CPU.ActiveCfg = Debug|Any CPU
		{DA4028C1-AEC0-46B0-95FA-700A8CCB23F5}.Debug|Any CPU.Build.0 = Debug|Any CPU
		{DA4028C1-AEC0-46B0-95FA-700A8CCB23F5}.Release|Any CPU.ActiveCfg = Release|Any CPU
		{DA4028C1-AEC0-46B0-95FA-700A8CCB23F5}.Release|Any CPU.Build.0 = Release|Any CPU
	EndGlobalSection
	GlobalSection(SolutionProperties) = preSolution
		HideSolutionNode = FALSE
	EndGlobalSection
EndGlobal
